// !$*UTF8*$!
{
	archiveVersion = 1;
	classes = {
	};
	objectVersion = 77;
	objects = {

/* Begin PBXBuildFile section */
		84D46AFE2D27D6CC00623477 /* BearAnimation in Frameworks */ = {isa = PBXBuildFile; productRef = 84D46AFD2D27D6CC00623477 /* BearAnimation */; };
		84D46B062D27D74400623477 /* Preview Assets.xcassets in Resources */ = {isa = PBXBuildFile; fileRef = 84D46AFF2D27D74400623477 /* Preview Assets.xcassets */; };
		84D46B072D27D74400623477 /* Assets.xcassets in Resources */ = {isa = PBXBuildFile; fileRef = 84D46B012D27D74400623477 /* Assets.xcassets */; };
		84D46B082D27D74400623477 /* BearAnimationDemoApp.swift in Sources */ = {isa = PBXBuildFile; fileRef = 84D46B032D27D74400623477 /* BearAnimationDemoApp.swift */; };
		84D46B092D27D74400623477 /* ContentView.swift in Sources */ = {isa = PBXBuildFile; fileRef = 84D46B042D27D74400623477 /* ContentView.swift */; };
		84D46B122D27D8D000623477 /* AnimationListView.swift in Sources */ = {isa = PBXBuildFile; fileRef = 84D46B112D27D8D000623477 /* AnimationListView.swift */; };
		84D46B142D27D8F500623477 /* AnimationEnum.swift in Sources */ = {isa = PBXBuildFile; fileRef = 84D46B132D27D8F500623477 /* AnimationEnum.swift */; };
		84D46B182D27D9EA00623477 /* AnimationDetailView.swift in Sources */ = {isa = PBXBuildFile; fileRef = 84D46B172D27D9EA00623477 /* AnimationDetailView.swift */; };
		84D46B1B2D27E31900623477 /* BearAnimation in Frameworks */ = {isa = PBXBuildFile; productRef = 84D46B1A2D27E31900623477 /* BearAnimation */; };
/* End PBXBuildFile section */

/* Begin PBXContainerItemProxy section */
		84D46ADA2D27CF8200623477 /* PBXContainerItemProxy */ = {
			isa = PBXContainerItemProxy;
			containerPortal = 84D46AC02D27CF8100623477 /* Project object */;
			proxyType = 1;
			remoteGlobalIDString = 84D46AC72D27CF8100623477;
			remoteInfo = BearAnimationDemo;
		};
		84D46AE42D27CF8200623477 /* PBXContainerItemProxy */ = {
			isa = PBXContainerItemProxy;
			containerPortal = 84D46AC02D27CF8100623477 /* Project object */;
			proxyType = 1;
			remoteGlobalIDString = 84D46AC72D27CF8100623477;
			remoteInfo = BearAnimationDemo;
		};
/* End PBXContainerItemProxy section */

/* Begin PBXFileReference section */
		84D46AC82D27CF8100623477 /* BearAnimationDemo.app */ = {isa = PBXFileReference; explicitFileType = wrapper.application; includeInIndex = 0; path = BearAnimationDemo.app; sourceTree = BUILT_PRODUCTS_DIR; };
		84D46AD92D27CF8200623477 /* BearAnimationDemoTests.xctest */ = {isa = PBXFileReference; explicitFileType = wrapper.cfbundle; includeInIndex = 0; path = BearAnimationDemoTests.xctest; sourceTree = BUILT_PRODUCTS_DIR; };
		84D46AE32D27CF8200623477 /* BearAnimationDemoUITests.xctest */ = {isa = PBXFileReference; explicitFileType = wrapper.cfbundle; includeInIndex = 0; path = BearAnimationDemoUITests.xctest; sourceTree = BUILT_PRODUCTS_DIR; };
		84D46AFF2D27D74400623477 /* Preview Assets.xcassets */ = {isa = PBXFileReference; lastKnownFileType = folder.assetcatalog; path = "Preview Assets.xcassets"; sourceTree = "<group>"; };
		84D46B012D27D74400623477 /* Assets.xcassets */ = {isa = PBXFileReference; lastKnownFileType = folder.assetcatalog; path = Assets.xcassets; sourceTree = "<group>"; };
		84D46B022D27D74400623477 /* BearAnimationDemo.entitlements */ = {isa = PBXFileReference; lastKnownFileType = text.plist.entitlements; path = BearAnimationDemo.entitlements; sourceTree = "<group>"; };
		84D46B032D27D74400623477 /* BearAnimationDemoApp.swift */ = {isa = PBXFileReference; lastKnownFileType = sourcecode.swift; path = BearAnimationDemoApp.swift; sourceTree = "<group>"; };
		84D46B042D27D74400623477 /* ContentView.swift */ = {isa = PBXFileReference; lastKnownFileType = sourcecode.swift; path = ContentView.swift; sourceTree = "<group>"; };
		84D46B112D27D8D000623477 /* AnimationListView.swift */ = {isa = PBXFileReference; lastKnownFileType = sourcecode.swift; path = AnimationListView.swift; sourceTree = "<group>"; };
		84D46B132D27D8F500623477 /* AnimationEnum.swift */ = {isa = PBXFileReference; lastKnownFileType = sourcecode.swift; path = AnimationEnum.swift; sourceTree = "<group>"; };
		84D46B172D27D9EA00623477 /* AnimationDetailView.swift */ = {isa = PBXFileReference; lastKnownFileType = sourcecode.swift; path = AnimationDetailView.swift; sourceTree = "<group>"; };
/* End PBXFileReference section */

/* Begin PBXFileSystemSynchronizedRootGroup section */
		84D46ADC2D27CF8200623477 /* BearAnimationDemoTests */ = {
			isa = PBXFileSystemSynchronizedRootGroup;
			path = BearAnimationDemoTests;
			sourceTree = "<group>";
		};
		84D46AE62D27CF8200623477 /* BearAnimationDemoUITests */ = {
			isa = PBXFileSystemSynchronizedRootGroup;
			path = BearAnimationDemoUITests;
			sourceTree = "<group>";
		};
/* End PBXFileSystemSynchronizedRootGroup section */

/* Begin PBXFrameworksBuildPhase section */
		84D46AC52D27CF8100623477 /* Frameworks */ = {
			isa = PBXFrameworksBuildPhase;
			buildActionMask = 2147483647;
			files = (
				84D46AFE2D27D6CC00623477 /* BearAnimation in Frameworks */,
				84D46B1B2D27E31900623477 /* BearAnimation in Frameworks */,
			);
			runOnlyForDeploymentPostprocessing = 0;
		};
		84D46AD62D27CF8200623477 /* Frameworks */ = {
			isa = PBXFrameworksBuildPhase;
			buildActionMask = 2147483647;
			files = (
			);
			runOnlyForDeploymentPostprocessing = 0;
		};
		84D46AE02D27CF8200623477 /* Frameworks */ = {
			isa = PBXFrameworksBuildPhase;
			buildActionMask = 2147483647;
			files = (
			);
			runOnlyForDeploymentPostprocessing = 0;
		};
/* End PBXFrameworksBuildPhase section */

/* Begin PBXGroup section */
		84D46ABF2D27CF8100623477 = {
			isa = PBXGroup;
			children = (
				84D46B052D27D74400623477 /* BearAnimationDemo */,
				84D46ADC2D27CF8200623477 /* BearAnimationDemoTests */,
				84D46AE62D27CF8200623477 /* BearAnimationDemoUITests */,
				84D46AC92D27CF8100623477 /* Products */,
			);
			sourceTree = "<group>";
		};
		84D46AC92D27CF8100623477 /* Products */ = {
			isa = PBXGroup;
			children = (
				84D46AC82D27CF8100623477 /* BearAnimationDemo.app */,
				84D46AD92D27CF8200623477 /* BearAnimationDemoTests.xctest */,
				84D46AE32D27CF8200623477 /* BearAnimationDemoUITests.xctest */,
			);
			name = Products;
			sourceTree = "<group>";
		};
		84D46B002D27D74400623477 /* Preview Content */ = {
			isa = PBXGroup;
			children = (
				84D46AFF2D27D74400623477 /* Preview Assets.xcassets */,
			);
			path = "Preview Content";
			sourceTree = "<group>";
		};
		84D46B052D27D74400623477 /* BearAnimationDemo */ = {
			isa = PBXGroup;
			children = (
				84D46B002D27D74400623477 /* Preview Content */,
				84D46B012D27D74400623477 /* Assets.xcassets */,
				84D46B022D27D74400623477 /* BearAnimationDemo.entitlements */,
				84D46B032D27D74400623477 /* BearAnimationDemoApp.swift */,
				84D46B042D27D74400623477 /* ContentView.swift */,
				84D46B102D27D8BF00623477 /* src */,
			);
			path = BearAnimationDemo;
			sourceTree = "<group>";
		};
		84D46B102D27D8BF00623477 /* src */ = {
			isa = PBXGroup;
			children = (
				84D46B132D27D8F500623477 /* AnimationEnum.swift */,
				84D46B112D27D8D000623477 /* AnimationListView.swift */,
				84D46B172D27D9EA00623477 /* AnimationDetailView.swift */,
			);
			path = src;
			sourceTree = "<group>";
		};
/* End PBXGroup section */

/* Begin PBXNativeTarget section */
		84D46AC72D27CF8100623477 /* BearAnimationDemo */ = {
			isa = PBXNativeTarget;
			buildConfigurationList = 84D46AED2D27CF8200623477 /* Build configuration list for PBXNativeTarget "BearAnimationDemo" */;
			buildPhases = (
				84D46AC42D27CF8100623477 /* Sources */,
				84D46AC52D27CF8100623477 /* Frameworks */,
				84D46AC62D27CF8100623477 /* Resources */,
			);
			buildRules = (
			);
			dependencies = (
			);
			name = BearAnimationDemo;
			packageProductDependencies = (
				84D46AFD2D27D6CC00623477 /* BearAnimation */,
				84D46B1A2D27E31900623477 /* BearAnimation */,
			);
			productName = BearAnimationDemo;
			productReference = 84D46AC82D27CF8100623477 /* BearAnimationDemo.app */;
			productType = "com.apple.product-type.application";
		};
		84D46AD82D27CF8200623477 /* BearAnimationDemoTests */ = {
			isa = PBXNativeTarget;
			buildConfigurationList = 84D46AF02D27CF8200623477 /* Build configuration list for PBXNativeTarget "BearAnimationDemoTests" */;
			buildPhases = (
				84D46AD52D27CF8200623477 /* Sources */,
				84D46AD62D27CF8200623477 /* Frameworks */,
				84D46AD72D27CF8200623477 /* Resources */,
			);
			buildRules = (
			);
			dependencies = (
				84D46ADB2D27CF8200623477 /* PBXTargetDependency */,
			);
			fileSystemSynchronizedGroups = (
				84D46ADC2D27CF8200623477 /* BearAnimationDemoTests */,
			);
			name = BearAnimationDemoTests;
			packageProductDependencies = (
			);
			productName = BearAnimationDemoTests;
			productReference = 84D46AD92D27CF8200623477 /* BearAnimationDemoTests.xctest */;
			productType = "com.apple.product-type.bundle.unit-test";
		};
		84D46AE22D27CF8200623477 /* BearAnimationDemoUITests */ = {
			isa = PBXNativeTarget;
			buildConfigurationList = 84D46AF32D27CF8200623477 /* Build configuration list for PBXNativeTarget "BearAnimationDemoUITests" */;
			buildPhases = (
				84D46ADF2D27CF8200623477 /* Sources */,
				84D46AE02D27CF8200623477 /* Frameworks */,
				84D46AE12D27CF8200623477 /* Resources */,
			);
			buildRules = (
			);
			dependencies = (
				84D46AE52D27CF8200623477 /* PBXTargetDependency */,
			);
			fileSystemSynchronizedGroups = (
				84D46AE62D27CF8200623477 /* BearAnimationDemoUITests */,
			);
			name = BearAnimationDemoUITests;
			packageProductDependencies = (
			);
			productName = BearAnimationDemoUITests;
			productReference = 84D46AE32D27CF8200623477 /* BearAnimationDemoUITests.xctest */;
			productType = "com.apple.product-type.bundle.ui-testing";
		};
/* End PBXNativeTarget section */

/* Begin PBXProject section */
		84D46AC02D27CF8100623477 /* Project object */ = {
			isa = PBXProject;
			attributes = {
				BuildIndependentTargetsInParallel = 1;
				LastSwiftUpdateCheck = 1600;
				LastUpgradeCheck = 1600;
				TargetAttributes = {
					84D46AC72D27CF8100623477 = {
						CreatedOnToolsVersion = 16.0;
					};
					84D46AD82D27CF8200623477 = {
						CreatedOnToolsVersion = 16.0;
						TestTargetID = 84D46AC72D27CF8100623477;
					};
					84D46AE22D27CF8200623477 = {
						CreatedOnToolsVersion = 16.0;
						TestTargetID = 84D46AC72D27CF8100623477;
					};
				};
			};
			buildConfigurationList = 84D46AC32D27CF8100623477 /* Build configuration list for PBXProject "BearAnimationDemo" */;
			developmentRegion = en;
			hasScannedForEncodings = 0;
			knownRegions = (
				en,
				Base,
			);
			mainGroup = 84D46ABF2D27CF8100623477;
			minimizedProjectReferenceProxies = 1;
			packageReferences = (
				84D46B192D27E31900623477 /* XCLocalSwiftPackageReference "../BearAnimation" */,
			);
			preferredProjectObjectVersion = 77;
			productRefGroup = 84D46AC92D27CF8100623477 /* Products */;
			projectDirPath = "";
			projectRoot = "";
			targets = (
				84D46AC72D27CF8100623477 /* BearAnimationDemo */,
				84D46AD82D27CF8200623477 /* BearAnimationDemoTests */,
				84D46AE22D27CF8200623477 /* BearAnimationDemoUITests */,
			);
		};
/* End PBXProject section */

/* Begin PBXResourcesBuildPhase section */
		84D46AC62D27CF8100623477 /* Resources */ = {
			isa = PBXResourcesBuildPhase;
			buildActionMask = 2147483647;
			files = (
				84D46B062D27D74400623477 /* Preview Assets.xcassets in Resources */,
				84D46B072D27D74400623477 /* Assets.xcassets in Resources */,
			);
			runOnlyForDeploymentPostprocessing = 0;
		};
		84D46AD72D27CF8200623477 /* Resources */ = {
			isa = PBXResourcesBuildPhase;
			buildActionMask = 2147483647;
			files = (
			);
			runOnlyForDeploymentPostprocessing = 0;
		};
		84D46AE12D27CF8200623477 /* Resources */ = {
			isa = PBXResourcesBuildPhase;
			buildActionMask = 2147483647;
			files = (
			);
			runOnlyForDeploymentPostprocessing = 0;
		};
/* End PBXResourcesBuildPhase section */

/* Begin PBXSourcesBuildPhase section */
		84D46AC42D27CF8100623477 /* Sources */ = {
			isa = PBXSourcesBuildPhase;
			buildActionMask = 2147483647;
			files = (
				84D46B082D27D74400623477 /* BearAnimationDemoApp.swift in Sources */,
				84D46B092D27D74400623477 /* ContentView.swift in Sources */,
				84D46B182D27D9EA00623477 /* AnimationDetailView.swift in Sources */,
				84D46B122D27D8D000623477 /* AnimationListView.swift in Sources */,
				84D46B142D27D8F500623477 /* AnimationEnum.swift in Sources */,
			);
			runOnlyForDeploymentPostprocessing = 0;
		};
		84D46AD52D27CF8200623477 /* Sources */ = {
			isa = PBXSourcesBuildPhase;
			buildActionMask = 2147483647;
			files = (
			);
			runOnlyForDeploymentPostprocessing = 0;
		};
		84D46ADF2D27CF8200623477 /* Sources */ = {
			isa = PBXSourcesBuildPhase;
			buildActionMask = 2147483647;
			files = (
			);
			runOnlyForDeploymentPostprocessing = 0;
		};
/* End PBXSourcesBuildPhase section */

/* Begin PBXTargetDependency section */
		84D46ADB2D27CF8200623477 /* PBXTargetDependency */ = {
			isa = PBXTargetDependency;
			target = 84D46AC72D27CF8100623477 /* BearAnimationDemo */;
			targetProxy = 84D46ADA2D27CF8200623477 /* PBXContainerItemProxy */;
		};
		84D46AE52D27CF8200623477 /* PBXTargetDependency */ = {
			isa = PBXTargetDependency;
			target = 84D46AC72D27CF8100623477 /* BearAnimationDemo */;
			targetProxy = 84D46AE42D27CF8200623477 /* PBXContainerItemProxy */;
		};
/* End PBXTargetDependency section */

/* Begin XCBuildConfiguration section */
		84D46AEB2D27CF8200623477 /* Debug */ = {
			isa = XCBuildConfiguration;
			buildSettings = {
				ALWAYS_SEARCH_USER_PATHS = NO;
				ASSETCATALOG_COMPILER_GENERATE_SWIFT_ASSET_SYMBOL_EXTENSIONS = YES;
				CLANG_ANALYZER_NONNULL = YES;
				CLANG_ANALYZER_NUMBER_OBJECT_CONVERSION = YES_AGGRESSIVE;
				CLANG_CXX_LANGUAGE_STANDARD = "gnu++20";
				CLANG_ENABLE_MODULES = YES;
				CLANG_ENABLE_OBJC_ARC = YES;
				CLANG_ENABLE_OBJC_WEAK = YES;
				CLANG_WARN_BLOCK_CAPTURE_AUTORELEASING = YES;
				CLANG_WARN_BOOL_CONVERSION = YES;
				CLANG_WARN_COMMA = YES;
				CLANG_WARN_CONSTANT_CONVERSION = YES;
				CLANG_WARN_DEPRECATED_OBJC_IMPLEMENTATIONS = YES;
				CLANG_WARN_DIRECT_OBJC_ISA_USAGE = YES_ERROR;
				CLANG_WARN_DOCUMENTATION_COMMENTS = YES;
				CLANG_WARN_EMPTY_BODY = YES;
				CLANG_WARN_ENUM_CONVERSION = YES;
				CLANG_WARN_INFINITE_RECURSION = YES;
				CLANG_WARN_INT_CONVERSION = YES;
				CLANG_WARN_NON_LITERAL_NULL_CONVERSION = YES;
				CLANG_WARN_OBJC_IMPLICIT_RETAIN_SELF = YES;
				CLANG_WARN_OBJC_LITERAL_CONVERSION = YES;
				CLANG_WARN_OBJC_ROOT_CLASS = YES_ERROR;
				CLANG_WARN_QUOTED_INCLUDE_IN_FRAMEWORK_HEADER = YES;
				CLANG_WARN_RANGE_LOOP_ANALYSIS = YES;
				CLANG_WARN_STRICT_PROTOTYPES = YES;
				CLANG_WARN_SUSPICIOUS_MOVE = YES;
				CLANG_WARN_UNGUARDED_AVAILABILITY = YES_AGGRESSIVE;
				CLANG_WARN_UNREACHABLE_CODE = YES;
				CLANG_WARN__DUPLICATE_METHOD_MATCH = YES;
				COPY_PHASE_STRIP = NO;
				DEBUG_INFORMATION_FORMAT = dwarf;
				ENABLE_STRICT_OBJC_MSGSEND = YES;
				ENABLE_TESTABILITY = YES;
				ENABLE_USER_SCRIPT_SANDBOXING = YES;
				GCC_C_LANGUAGE_STANDARD = gnu17;
				GCC_DYNAMIC_NO_PIC = NO;
				GCC_NO_COMMON_BLOCKS = YES;
				GCC_OPTIMIZATION_LEVEL = 0;
				GCC_PREPROCESSOR_DEFINITIONS = (
					"DEBUG=1",
					"$(inherited)",
				);
				GCC_WARN_64_TO_32_BIT_CONVERSION = YES;
				GCC_WARN_ABOUT_RETURN_TYPE = YES_ERROR;
				GCC_WARN_UNDECLARED_SELECTOR = YES;
				GCC_WARN_UNINITIALIZED_AUTOS = YES_AGGRESSIVE;
				GCC_WARN_UNUSED_FUNCTION = YES;
				GCC_WARN_UNUSED_VARIABLE = YES;
				LOCALIZATION_PREFERS_STRING_CATALOGS = YES;
				MTL_ENABLE_DEBUG_INFO = INCLUDE_SOURCE;
				MTL_FAST_MATH = YES;
				ONLY_ACTIVE_ARCH = YES;
				SWIFT_ACTIVE_COMPILATION_CONDITIONS = "DEBUG $(inherited)";
				SWIFT_OPTIMIZATION_LEVEL = "-Onone";
			};
			name = Debug;
		};
		84D46AEC2D27CF8200623477 /* Release */ = {
			isa = XCBuildConfiguration;
			buildSettings = {
				ALWAYS_SEARCH_USER_PATHS = NO;
				ASSETCATALOG_COMPILER_GENERATE_SWIFT_ASSET_SYMBOL_EXTENSIONS = YES;
				CLANG_ANALYZER_NONNULL = YES;
				CLANG_ANALYZER_NUMBER_OBJECT_CONVERSION = YES_AGGRESSIVE;
				CLANG_CXX_LANGUAGE_STANDARD = "gnu++20";
				CLANG_ENABLE_MODULES = YES;
				CLANG_ENABLE_OBJC_ARC = YES;
				CLANG_ENABLE_OBJC_WEAK = YES;
				CLANG_WARN_BLOCK_CAPTURE_AUTORELEASING = YES;
				CLANG_WARN_BOOL_CONVERSION = YES;
				CLANG_WARN_COMMA = YES;
				CLANG_WARN_CONSTANT_CONVERSION = YES;
				CLANG_WARN_DEPRECATED_OBJC_IMPLEMENTATIONS = YES;
				CLANG_WARN_DIRECT_OBJC_ISA_USAGE = YES_ERROR;
				CLANG_WARN_DOCUMENTATION_COMMENTS = YES;
				CLANG_WARN_EMPTY_BODY = YES;
				CLANG_WARN_ENUM_CONVERSION = YES;
				CLANG_WARN_INFINITE_RECURSION = YES;
				CLANG_WARN_INT_CONVERSION = YES;
				CLANG_WARN_NON_LITERAL_NULL_CONVERSION = YES;
				CLANG_WARN_OBJC_IMPLICIT_RETAIN_SELF = YES;
				CLANG_WARN_OBJC_LITERAL_CONVERSION = YES;
				CLANG_WARN_OBJC_ROOT_CLASS = YES_ERROR;
				CLANG_WARN_QUOTED_INCLUDE_IN_FRAMEWORK_HEADER = YES;
				CLANG_WARN_RANGE_LOOP_ANALYSIS = YES;
				CLANG_WARN_STRICT_PROTOTYPES = YES;
				CLANG_WARN_SUSPICIOUS_MOVE = YES;
				CLANG_WARN_UNGUARDED_AVAILABILITY = YES_AGGRESSIVE;
				CLANG_WARN_UNREACHABLE_CODE = YES;
				CLANG_WARN__DUPLICATE_METHOD_MATCH = YES;
				COPY_PHASE_STRIP = NO;
				DEBUG_INFORMATION_FORMAT = "dwarf-with-dsym";
				ENABLE_NS_ASSERTIONS = NO;
				ENABLE_STRICT_OBJC_MSGSEND = YES;
				ENABLE_USER_SCRIPT_SANDBOXING = YES;
				GCC_C_LANGUAGE_STANDARD = gnu17;
				GCC_NO_COMMON_BLOCKS = YES;
				GCC_WARN_64_TO_32_BIT_CONVERSION = YES;
				GCC_WARN_ABOUT_RETURN_TYPE = YES_ERROR;
				GCC_WARN_UNDECLARED_SELECTOR = YES;
				GCC_WARN_UNINITIALIZED_AUTOS = YES_AGGRESSIVE;
				GCC_WARN_UNUSED_FUNCTION = YES;
				GCC_WARN_UNUSED_VARIABLE = YES;
				LOCALIZATION_PREFERS_STRING_CATALOGS = YES;
				MTL_ENABLE_DEBUG_INFO = NO;
				MTL_FAST_MATH = YES;
				SWIFT_COMPILATION_MODE = wholemodule;
			};
			name = Release;
		};
		84D46AEE2D27CF8200623477 /* Debug */ = {
			isa = XCBuildConfiguration;
			buildSettings = {
				ASSETCATALOG_COMPILER_APPICON_NAME = AppIcon;
				ASSETCATALOG_COMPILER_GLOBAL_ACCENT_COLOR_NAME = AccentColor;
				CODE_SIGN_ENTITLEMENTS = BearAnimationDemo/BearAnimationDemo.entitlements;
				CODE_SIGN_STYLE = Automatic;
				CURRENT_PROJECT_VERSION = 1;
				DEVELOPMENT_ASSET_PATHS = "\"BearAnimationDemo/Preview Content\"";
				DEVELOPMENT_TEAM = WGTAZF6C7D;
				ENABLE_HARDENED_RUNTIME = YES;
				ENABLE_PREVIEWS = YES;
				GENERATE_INFOPLIST_FILE = YES;
				"INFOPLIST_KEY_UIApplicationSceneManifest_Generation[sdk=iphoneos*]" = YES;
				"INFOPLIST_KEY_UIApplicationSceneManifest_Generation[sdk=iphonesimulator*]" = YES;
				"INFOPLIST_KEY_UIApplicationSupportsIndirectInputEvents[sdk=iphoneos*]" = YES;
				"INFOPLIST_KEY_UIApplicationSupportsIndirectInputEvents[sdk=iphonesimulator*]" = YES;
				"INFOPLIST_KEY_UILaunchScreen_Generation[sdk=iphoneos*]" = YES;
				"INFOPLIST_KEY_UILaunchScreen_Generation[sdk=iphonesimulator*]" = YES;
				"INFOPLIST_KEY_UIStatusBarStyle[sdk=iphoneos*]" = UIStatusBarStyleDefault;
				"INFOPLIST_KEY_UIStatusBarStyle[sdk=iphonesimulator*]" = UIStatusBarStyleDefault;
				INFOPLIST_KEY_UISupportedInterfaceOrientations_iPad = "UIInterfaceOrientationPortrait UIInterfaceOrientationPortraitUpsideDown UIInterfaceOrientationLandscapeLeft UIInterfaceOrientationLandscapeRight";
				INFOPLIST_KEY_UISupportedInterfaceOrientations_iPhone = "UIInterfaceOrientationPortrait UIInterfaceOrientationLandscapeLeft UIInterfaceOrientationLandscapeRight";
				IPHONEOS_DEPLOYMENT_TARGET = 18.0;
				LD_RUNPATH_SEARCH_PATHS = "@executable_path/Frameworks";
				"LD_RUNPATH_SEARCH_PATHS[sdk=macosx*]" = "@executable_path/../Frameworks";
				MACOSX_DEPLOYMENT_TARGET = 14.6;
				MARKETING_VERSION = 1.0;
				PRODUCT_BUNDLE_IDENTIFIER = com.liuhongli.BearAnimationDemo;
				PRODUCT_NAME = "$(TARGET_NAME)";
				SDKROOT = auto;
				SUPPORTED_PLATFORMS = "iphoneos iphonesimulator macosx xros xrsimulator";
				SWIFT_EMIT_LOC_STRINGS = YES;
				SWIFT_VERSION = 5.0;
				TARGETED_DEVICE_FAMILY = "1,2,7";
				XROS_DEPLOYMENT_TARGET = 2.0;
			};
			name = Debug;
		};
		84D46AEF2D27CF8200623477 /* Release */ = {
			isa = XCBuildConfiguration;
			buildSettings = {
				ASSETCATALOG_COMPILER_APPICON_NAME = AppIcon;
				ASSETCATALOG_COMPILER_GLOBAL_ACCENT_COLOR_NAME = AccentColor;
				CODE_SIGN_ENTITLEMENTS = BearAnimationDemo/BearAnimationDemo.entitlements;
				CODE_SIGN_STYLE = Automatic;
				CURRENT_PROJECT_VERSION = 1;
				DEVELOPMENT_ASSET_PATHS = "\"BearAnimationDemo/Preview Content\"";
				DEVELOPMENT_TEAM = WGTAZF6C7D;
				ENABLE_HARDENED_RUNTIME = YES;
				ENABLE_PREVIEWS = YES;
				GENERATE_INFOPLIST_FILE = YES;
				"INFOPLIST_KEY_UIApplicationSceneManifest_Generation[sdk=iphoneos*]" = YES;
				"INFOPLIST_KEY_UIApplicationSceneManifest_Generation[sdk=iphonesimulator*]" = YES;
				"INFOPLIST_KEY_UIApplicationSupportsIndirectInputEvents[sdk=iphoneos*]" = YES;
				"INFOPLIST_KEY_UIApplicationSupportsIndirectInputEvents[sdk=iphonesimulator*]" = YES;
				"INFOPLIST_KEY_UILaunchScreen_Generation[sdk=iphoneos*]" = YES;
				"INFOPLIST_KEY_UILaunchScreen_Generation[sdk=iphonesimulator*]" = YES;
				"INFOPLIST_KEY_UIStatusBarStyle[sdk=iphoneos*]" = UIStatusBarStyleDefault;
				"INFOPLIST_KEY_UIStatusBarStyle[sdk=iphonesimulator*]" = UIStatusBarStyleDefault;
				INFOPLIST_KEY_UISupportedInterfaceOrientations_iPad = "UIInterfaceOrientationPortrait UIInterfaceOrientationPortraitUpsideDown UIInterfaceOrientationLandscapeLeft UIInterfaceOrientationLandscapeRight";
				INFOPLIST_KEY_UISupportedInterfaceOrientations_iPhone = "UIInterfaceOrientationPortrait UIInterfaceOrientationLandscapeLeft UIInterfaceOrientationLandscapeRight";
				IPHONEOS_DEPLOYMENT_TARGET = 18.0;
				LD_RUNPATH_SEARCH_PATHS = "@executable_path/Frameworks";
				"LD_RUNPATH_SEARCH_PATHS[sdk=macosx*]" = "@executable_path/../Frameworks";
				MACOSX_DEPLOYMENT_TARGET = 14.6;
				MARKETING_VERSION = 1.0;
				PRODUCT_BUNDLE_IDENTIFIER = com.liuhongli.BearAnimationDemo;
				PRODUCT_NAME = "$(TARGET_NAME)";
				SDKROOT = auto;
				SUPPORTED_PLATFORMS = "iphoneos iphonesimulator macosx xros xrsimulator";
				SWIFT_EMIT_LOC_STRINGS = YES;
				SWIFT_VERSION = 5.0;
				TARGETED_DEVICE_FAMILY = "1,2,7";
				XROS_DEPLOYMENT_TARGET = 2.0;
			};
			name = Release;
		};
		84D46AF12D27CF8200623477 /* Debug */ = {
			isa = XCBuildConfiguration;
			buildSettings = {
				BUNDLE_LOADER = "$(TEST_HOST)";
				CODE_SIGN_STYLE = Automatic;
				CURRENT_PROJECT_VERSION = 1;
				DEVELOPMENT_TEAM = WGTAZF6C7D;
				GENERATE_INFOPLIST_FILE = YES;
				IPHONEOS_DEPLOYMENT_TARGET = 18.0;
				MACOSX_DEPLOYMENT_TARGET = 14.6;
				MARKETING_VERSION = 1.0;
				PRODUCT_BUNDLE_IDENTIFIER = com.liuhongli.BearAnimationDemoTests;
				PRODUCT_NAME = "$(TARGET_NAME)";
				SDKROOT = auto;
				SUPPORTED_PLATFORMS = "iphoneos iphonesimulator macosx xros xrsimulator";
				SWIFT_EMIT_LOC_STRINGS = NO;
				SWIFT_VERSION = 5.0;
				TARGETED_DEVICE_FAMILY = "1,2,7";
				TEST_HOST = "$(BUILT_PRODUCTS_DIR)/BearAnimationDemo.app/$(BUNDLE_EXECUTABLE_FOLDER_PATH)/BearAnimationDemo";
				XROS_DEPLOYMENT_TARGET = 2.0;
			};
			name = Debug;
		};
		84D46AF22D27CF8200623477 /* Release */ = {
			isa = XCBuildConfiguration;
			buildSettings = {
				BUNDLE_LOADER = "$(TEST_HOST)";
				CODE_SIGN_STYLE = Automatic;
				CURRENT_PROJECT_VERSION = 1;
				DEVELOPMENT_TEAM = WGTAZF6C7D;
				GENERATE_INFOPLIST_FILE = YES;
				IPHONEOS_DEPLOYMENT_TARGET = 18.0;
				MACOSX_DEPLOYMENT_TARGET = 14.6;
				MARKETING_VERSION = 1.0;
				PRODUCT_BUNDLE_IDENTIFIER = com.liuhongli.BearAnimationDemoTests;
				PRODUCT_NAME = "$(TARGET_NAME)";
				SDKROOT = auto;
				SUPPORTED_PLATFORMS = "iphoneos iphonesimulator macosx xros xrsimulator";
				SWIFT_EMIT_LOC_STRINGS = NO;
				SWIFT_VERSION = 5.0;
				TARGETED_DEVICE_FAMILY = "1,2,7";
				TEST_HOST = "$(BUILT_PRODUCTS_DIR)/BearAnimationDemo.app/$(BUNDLE_EXECUTABLE_FOLDER_PATH)/BearAnimationDemo";
				XROS_DEPLOYMENT_TARGET = 2.0;
			};
			name = Release;
		};
		84D46AF42D27CF8200623477 /* Debug */ = {
			isa = XCBuildConfiguration;
			buildSettings = {
				CODE_SIGN_STYLE = Automatic;
				CURRENT_PROJECT_VERSION = 1;
				DEVELOPMENT_TEAM = WGTAZF6C7D;
				GENERATE_INFOPLIST_FILE = YES;
				IPHONEOS_DEPLOYMENT_TARGET = 18.0;
				MACOSX_DEPLOYMENT_TARGET = 14.6;
				MARKETING_VERSION = 1.0;
				PRODUCT_BUNDLE_IDENTIFIER = com.liuhongli.BearAnimationDemoUITests;
				PRODUCT_NAME = "$(TARGET_NAME)";
				SDKROOT = auto;
				SUPPORTED_PLATFORMS = "iphoneos iphonesimulator macosx xros xrsimulator";
				SWIFT_EMIT_LOC_STRINGS = NO;
				SWIFT_VERSION = 5.0;
				TARGETED_DEVICE_FAMILY = "1,2,7";
				TEST_TARGET_NAME = BearAnimationDemo;
				XROS_DEPLOYMENT_TARGET = 2.0;
			};
			name = Debug;
		};
		84D46AF52D27CF8200623477 /* Release */ = {
			isa = XCBuildConfiguration;
			buildSettings = {
				CODE_SIGN_STYLE = Automatic;
				CURRENT_PROJECT_VERSION = 1;
				DEVELOPMENT_TEAM = WGTAZF6C7D;
				GENERATE_INFOPLIST_FILE = YES;
				IPHONEOS_DEPLOYMENT_TARGET = 18.0;
				MACOSX_DEPLOYMENT_TARGET = 14.6;
				MARKETING_VERSION = 1.0;
				PRODUCT_BUNDLE_IDENTIFIER = com.liuhongli.BearAnimationDemoUITests;
				PRODUCT_NAME = "$(TARGET_NAME)";
				SDKROOT = auto;
				SUPPORTED_PLATFORMS = "iphoneos iphonesimulator macosx xros xrsimulator";
				SWIFT_EMIT_LOC_STRINGS = NO;
				SWIFT_VERSION = 5.0;
				TARGETED_DEVICE_FAMILY = "1,2,7";
				TEST_TARGET_NAME = BearAnimationDemo;
				XROS_DEPLOYMENT_TARGET = 2.0;
			};
			name = Release;
		};
/* End XCBuildConfiguration section */

/* Begin XCConfigurationList section */
		84D46AC32D27CF8100623477 /* Build configuration list for PBXProject "BearAnimationDemo" */ = {
			isa = XCConfigurationList;
			buildConfigurations = (
				84D46AEB2D27CF8200623477 /* Debug */,
				84D46AEC2D27CF8200623477 /* Release */,
			);
			defaultConfigurationIsVisible = 0;
			defaultConfigurationName = Release;
		};
		84D46AED2D27CF8200623477 /* Build configuration list for PBXNativeTarget "BearAnimationDemo" */ = {
			isa = XCConfigurationList;
			buildConfigurations = (
				84D46AEE2D27CF8200623477 /* Debug */,
				84D46AEF2D27CF8200623477 /* Release */,
			);
			defaultConfigurationIsVisible = 0;
			defaultConfigurationName = Release;
		};
		84D46AF02D27CF8200623477 /* Build configuration list for PBXNativeTarget "BearAnimationDemoTests" */ = {
			isa = XCConfigurationList;
			buildConfigurations = (
				84D46AF12D27CF8200623477 /* Debug */,
				84D46AF22D27CF8200623477 /* Release */,
			);
			defaultConfigurationIsVisible = 0;
			defaultConfigurationName = Release;
		};
		84D46AF32D27CF8200623477 /* Build configuration list for PBXNativeTarget "BearAnimationDemoUITests" */ = {
			isa = XCConfigurationList;
			buildConfigurations = (
				84D46AF42D27CF8200623477 /* Debug */,
				84D46AF52D27CF8200623477 /* Release */,
			);
			defaultConfigurationIsVisible = 0;
			defaultConfigurationName = Release;
		};
/* End XCConfigurationList section */

/* Begin XCLocalSwiftPackageReference section */
		84D46B192D27E31900623477 /* XCLocalSwiftPackageReference "../BearAnimation" */ = {
			isa = XCLocalSwiftPackageReference;
			relativePath = ../BearAnimation;
		};
/* End XCLocalSwiftPackageReference section */

/* Begin XCSwiftPackageProductDependency section */
		84D46AFD2D27D6CC00623477 /* BearAnimation */ = {
			isa = XCSwiftPackageProductDependency;
			productName = BearAnimation;
		};
		84D46B1A2D27E31900623477 /* BearAnimation */ = {
			isa = XCSwiftPackageProductDependency;
			productName = BearAnimation;
		};
/* End XCSwiftPackageProductDependency section */
	};
	rootObject = 84D46AC02D27CF8100623477 /* Project object */;
}
